
Microsoft Visual Studio Solution File, Format Version 12.00
# Visual Studio 15
VisualStudioVersion = 15.0.26430.15
MinimumVisualStudioVersion = 10.0.40219.1
Project("{9A19103F-16F7-4668-BE54-9A1E7A4F7556}") = "DynamicSample", "DynamicSample\DynamicSample.csproj", "{E130D0EA-83A7-4976-8316-6F74396EB315}"
EndProject
Project("{2150E333-8FDC-42A3-9474-1A3956D46DE8}") = "Dynamics", "Dynamics", "{6442F8AB-8276-4163-A899-E4B9FDC8A4C5}"
EndProject
Project("{9A19103F-16F7-4668-BE54-9A1E7A4F7556}") = "CustomDynamic", "CustomDynamic\CustomDynamic.csproj", "{00A5C8EF-029E-4D45-B666-4A533B21ECEE}"
EndProject
Project("{9A19103F-16F7-4668-BE54-9A1E7A4F7556}") = "CustomDynamic.Tests", "CustomDynamic.Tests\CustomDynamic.Tests.csproj", "{76C3B6AB-38F7-4C8B-86B0-6CD0B40B1D46}"
EndProject
Project("{2150E333-8FDC-42A3-9474-1A3956D46DE8}") = "RabbitMq", "RabbitMq", "{BED2857D-4DF6-4ACC-A7E6-3464F7815F1E}"
EndProject
Project("{9A19103F-16F7-4668-BE54-9A1E7A4F7556}") = "MessagingDemo", "MessagingDemo\MessagingDemo.csproj", "{58098699-4CAA-444A-AE27-5A0FCB80A70C}"
EndProject
Project("{2150E333-8FDC-42A3-9474-1A3956D46DE8}") = "ServiceBus", "ServiceBus", "{4EEB12A0-8738-41F9-A82C-11893C52757E}"
EndProject
Project("{9A19103F-16F7-4668-BE54-9A1E7A4F7556}") = "ServiceBusDemo", "ServiceBusDemo\ServiceBusDemo.csproj", "{5500648A-49B0-49AB-9844-39A20517A5D6}"
EndProject
Project("{2150E333-8FDC-42A3-9474-1A3956D46DE8}") = "aspnetcore", "aspnetcore", "{63BB0604-6C74-430E-A01E-E2D63B4BF71B}"
EndProject
Project("{9A19103F-16F7-4668-BE54-9A1E7A4F7556}") = "ASPNetCore.Sample", "ASPNetCore.Sample\ASPNetCore.Sample.csproj", "{76536458-DD88-49B2-8A64-82885138334D}"
EndProject
Project("{2150E333-8FDC-42A3-9474-1A3956D46DE8}") = "AOP", "AOP", "{F4434533-CE36-4236-B2B5-E6E763CA9687}"
EndProject
Project("{FAE04EC0-301F-11D3-BF4B-00C04F79EFBC}") = "PostsharpDemo", "AOP\PostsharpDemo\PostsharpDemo.csproj", "{FCD04A04-C2AA-4B9C-830F-2E1286AFCBF2}"
EndProject
Project("{2150E333-8FDC-42A3-9474-1A3956D46DE8}") = "AcmeCarRental", "AcmeCarRental", "{685C7D9F-F013-400C-9184-299D12681D18}"
EndProject
Project("{FAE04EC0-301F-11D3-BF4B-00C04F79EFBC}") = "AcmeCarRental", "AOP\AcmeCarRental\AcmeCarRental\AcmeCarRental.csproj", "{7AC726DE-112C-4292-9ED5-303B1F0B6400}"
EndProject
Project("{FAE04EC0-301F-11D3-BF4B-00C04F79EFBC}") = "AcmeCarRental.Data", "AOP\AcmeCarRental\AcmeCarRental.Data\AcmeCarRental.Data.csproj", "{DC4AF672-1DC2-4025-9C71-D31BD707EB9F}"
EndProject
Project("{FAE04EC0-301F-11D3-BF4B-00C04F79EFBC}") = "AcmeCarRental.UI", "AOP\AcmeCarRental\AcmeCarRental.UI\AcmeCarRental.UI.csproj", "{8EC6E9EA-40B3-4FD9-861F-385AE20B902E}"
EndProject
Global
	GlobalSection(SolutionConfigurationPlatforms) = preSolution
		Debug|Any CPU = Debug|Any CPU
		Release|Any CPU = Release|Any CPU
	EndGlobalSection
	GlobalSection(ProjectConfigurationPlatforms) = postSolution
		{E130D0EA-83A7-4976-8316-6F74396EB315}.Debug|Any CPU.ActiveCfg = Debug|Any CPU
		{E130D0EA-83A7-4976-8316-6F74396EB315}.Debug|Any CPU.Build.0 = Debug|Any CPU
		{E130D0EA-83A7-4976-8316-6F74396EB315}.Release|Any CPU.ActiveCfg = Release|Any CPU
		{E130D0EA-83A7-4976-8316-6F74396EB315}.Release|Any CPU.Build.0 = Release|Any CPU
		{00A5C8EF-029E-4D45-B666-4A533B21ECEE}.Debug|Any CPU.ActiveCfg = Debug|Any CPU
		{00A5C8EF-029E-4D45-B666-4A533B21ECEE}.Debug|Any CPU.Build.0 = Debug|Any CPU
		{00A5C8EF-029E-4D45-B666-4A533B21ECEE}.Release|Any CPU.ActiveCfg = Release|Any CPU
		{00A5C8EF-029E-4D45-B666-4A533B21ECEE}.Release|Any CPU.Build.0 = Release|Any CPU
		{76C3B6AB-38F7-4C8B-86B0-6CD0B40B1D46}.Debug|Any CPU.ActiveCfg = Debug|Any CPU
		{76C3B6AB-38F7-4C8B-86B0-6CD0B40B1D46}.Debug|Any CPU.Build.0 = Debug|Any CPU
		{76C3B6AB-38F7-4C8B-86B0-6CD0B40B1D46}.Release|Any CPU.ActiveCfg = Release|Any CPU
		{76C3B6AB-38F7-4C8B-86B0-6CD0B40B1D46}.Release|Any CPU.Build.0 = Release|Any CPU
		{58098699-4CAA-444A-AE27-5A0FCB80A70C}.Debug|Any CPU.ActiveCfg = Debug|Any CPU
		{58098699-4CAA-444A-AE27-5A0FCB80A70C}.Debug|Any CPU.Build.0 = Debug|Any CPU
		{58098699-4CAA-444A-AE27-5A0FCB80A70C}.Release|Any CPU.ActiveCfg = Release|Any CPU
		{58098699-4CAA-444A-AE27-5A0FCB80A70C}.Release|Any CPU.Build.0 = Release|Any CPU
		{5500648A-49B0-49AB-9844-39A20517A5D6}.Debug|Any CPU.ActiveCfg = Debug|Any CPU
		{5500648A-49B0-49AB-9844-39A20517A5D6}.Debug|Any CPU.Build.0 = Debug|Any CPU
		{5500648A-49B0-49AB-9844-39A20517A5D6}.Release|Any CPU.ActiveCfg = Release|Any CPU
		{5500648A-49B0-49AB-9844-39A20517A5D6}.Release|Any CPU.Build.0 = Release|Any CPU
		{76536458-DD88-49B2-8A64-82885138334D}.Debug|Any CPU.ActiveCfg = Debug|Any CPU
		{76536458-DD88-49B2-8A64-82885138334D}.Debug|Any CPU.Build.0 = Debug|Any CPU
		{76536458-DD88-49B2-8A64-82885138334D}.Release|Any CPU.ActiveCfg = Release|Any CPU
		{76536458-DD88-49B2-8A64-82885138334D}.Release|Any CPU.Build.0 = Release|Any CPU
		{FCD04A04-C2AA-4B9C-830F-2E1286AFCBF2}.Debug|Any CPU.ActiveCfg = Debug|Any CPU
		{FCD04A04-C2AA-4B9C-830F-2E1286AFCBF2}.Debug|Any CPU.Build.0 = Debug|Any CPU
		{FCD04A04-C2AA-4B9C-830F-2E1286AFCBF2}.Release|Any CPU.ActiveCfg = Release|Any CPU
		{FCD04A04-C2AA-4B9C-830F-2E1286AFCBF2}.Release|Any CPU.Build.0 = Release|Any CPU
		{7AC726DE-112C-4292-9ED5-303B1F0B6400}.Debug|Any CPU.ActiveCfg = Debug|Any CPU
		{7AC726DE-112C-4292-9ED5-303B1F0B6400}.Debug|Any CPU.Build.0 = Debug|Any CPU
		{7AC726DE-112C-4292-9ED5-303B1F0B6400}.Release|Any CPU.ActiveCfg = Release|Any CPU
		{7AC726DE-112C-4292-9ED5-303B1F0B6400}.Release|Any CPU.Build.0 = Release|Any CPU
		{DC4AF672-1DC2-4025-9C71-D31BD707EB9F}.Debug|Any CPU.ActiveCfg = Debug|Any CPU
		{DC4AF672-1DC2-4025-9C71-D31BD707EB9F}.Debug|Any CPU.Build.0 = Debug|Any CPU
		{DC4AF672-1DC2-4025-9C71-D31BD707EB9F}.Release|Any CPU.ActiveCfg = Release|Any CPU
		{DC4AF672-1DC2-4025-9C71-D31BD707EB9F}.Release|Any CPU.Build.0 = Release|Any CPU
		{8EC6E9EA-40B3-4FD9-861F-385AE20B902E}.Debug|Any CPU.ActiveCfg = Debug|Any CPU
		{8EC6E9EA-40B3-4FD9-861F-385AE20B902E}.Debug|Any CPU.Build.0 = Debug|Any CPU
		{8EC6E9EA-40B3-4FD9-861F-385AE20B902E}.Release|Any CPU.ActiveCfg = Release|Any CPU
		{8EC6E9EA-40B3-4FD9-861F-385AE20B902E}.Release|Any CPU.Build.0 = Release|Any CPU
	EndGlobalSection
	GlobalSection(SolutionProperties) = preSolution
		HideSolutionNode = FALSE
	EndGlobalSection
	GlobalSection(NestedProjects) = preSolution
		{E130D0EA-83A7-4976-8316-6F74396EB315} = {6442F8AB-8276-4163-A899-E4B9FDC8A4C5}
		{00A5C8EF-029E-4D45-B666-4A533B21ECEE} = {6442F8AB-8276-4163-A899-E4B9FDC8A4C5}
		{76C3B6AB-38F7-4C8B-86B0-6CD0B40B1D46} = {6442F8AB-8276-4163-A899-E4B9FDC8A4C5}
		{58098699-4CAA-444A-AE27-5A0FCB80A70C} = {BED2857D-4DF6-4ACC-A7E6-3464F7815F1E}
		{5500648A-49B0-49AB-9844-39A20517A5D6} = {4EEB12A0-8738-41F9-A82C-11893C52757E}
		{76536458-DD88-49B2-8A64-82885138334D} = {63BB0604-6C74-430E-A01E-E2D63B4BF71B}
		{FCD04A04-C2AA-4B9C-830F-2E1286AFCBF2} = {F4434533-CE36-4236-B2B5-E6E763CA9687}
		{685C7D9F-F013-400C-9184-299D12681D18} = {F4434533-CE36-4236-B2B5-E6E763CA9687}
		{7AC726DE-112C-4292-9ED5-303B1F0B6400} = {685C7D9F-F013-400C-9184-299D12681D18}
		{DC4AF672-1DC2-4025-9C71-D31BD707EB9F} = {685C7D9F-F013-400C-9184-299D12681D18}
		{8EC6E9EA-40B3-4FD9-861F-385AE20B902E} = {685C7D9F-F013-400C-9184-299D12681D18}
	EndGlobalSection
EndGlobal
